// !$*UTF8*$!
{
	archiveVersion = 1;
	classes = {
	};
	objectVersion = 48;
	objects = {

/* Begin PBXBuildFile section */
		D56CED661FA6E45D006FFA8E /* AppDelegate.swift in Sources */ = {isa = PBXBuildFile; fileRef = D56CED651FA6E45D006FFA8E /* AppDelegate.swift */; };
		D56CED681FA6E45D006FFA8E /* ViewController.swift in Sources */ = {isa = PBXBuildFile; fileRef = D56CED671FA6E45D006FFA8E /* ViewController.swift */; };
		D56CED6B1FA6E45D006FFA8E /* Main.storyboard in Resources */ = {isa = PBXBuildFile; fileRef = D56CED691FA6E45D006FFA8E /* Main.storyboard */; };
		D56CED6D1FA6E45D006FFA8E /* Assets.xcassets in Resources */ = {isa = PBXBuildFile; fileRef = D56CED6C1FA6E45D006FFA8E /* Assets.xcassets */; };
		D56CED701FA6E45D006FFA8E /* LaunchScreen.storyboard in Resources */ = {isa = PBXBuildFile; fileRef = D56CED6E1FA6E45D006FFA8E /* LaunchScreen.storyboard */; };
		D56CED7B1FA6E45D006FFA8E /* KudanSampleTests.swift in Sources */ = {isa = PBXBuildFile; fileRef = D56CED7A1FA6E45D006FFA8E /* KudanSampleTests.swift */; };
		D56CED861FA6E45E006FFA8E /* KudanSampleUITests.swift in Sources */ = {isa = PBXBuildFile; fileRef = D56CED851FA6E45E006FFA8E /* KudanSampleUITests.swift */; };
/* End PBXBuildFile section */

/* Begin PBXContainerItemProxy section */
		D56CED771FA6E45D006FFA8E /* PBXContainerItemProxy */ = {
			isa = PBXContainerItemProxy;
			containerPortal = D56CED5A1FA6E45D006FFA8E /* Project object */;
			proxyType = 1;
			remoteGlobalIDString = D56CED611FA6E45D006FFA8E;
			remoteInfo = KudanSample;
		};
		D56CED821FA6E45E006FFA8E /* PBXContainerItemProxy */ = {
			isa = PBXContainerItemProxy;
			containerPortal = D56CED5A1FA6E45D006FFA8E /* Project object */;
			proxyType = 1;
			remoteGlobalIDString = D56CED611FA6E45D006FFA8E;
			remoteInfo = KudanSample;
		};
/* End PBXContainerItemProxy section */

/* Begin PBXFileReference section */
		D56CED621FA6E45D006FFA8E /* KudanSample.app */ = {isa = PBXFileReference; explicitFileType = wrapper.application; includeInIndex = 0; path = KudanSample.app; sourceTree = BUILT_PRODUCTS_DIR; };
		D56CED651FA6E45D006FFA8E /* AppDelegate.swift */ = {isa = PBXFileReference; lastKnownFileType = sourcecode.swift; path = AppDelegate.swift; sourceTree = "<group>"; };
		D56CED671FA6E45D006FFA8E /* ViewController.swift */ = {isa = PBXFileReference; lastKnownFileType = sourcecode.swift; path = ViewController.swift; sourceTree = "<group>"; };
		D56CED6A1FA6E45D006FFA8E /* Base */ = {isa = PBXFileReference; lastKnownFileType = file.storyboard; name = Base; path = Base.lproj/Main.storyboard; sourceTree = "<group>"; };
		D56CED6C1FA6E45D006FFA8E /* Assets.xcassets */ = {isa = PBXFileReference; lastKnownFileType = folder.assetcatalog; path = Assets.xcassets; sourceTree = "<group>"; };
		D56CED6F1FA6E45D006FFA8E /* Base */ = {isa = PBXFileReference; lastKnownFileType = file.storyboard; name = Base; path = Base.lproj/LaunchScreen.storyboard; sourceTree = "<group>"; };
		D56CED711FA6E45D006FFA8E /* Info.plist */ = {isa = PBXFileReference; lastKnownFileType = text.plist.xml; path = Info.plist; sourceTree = "<group>"; };
		D56CED761FA6E45D006FFA8E /* KudanSampleTests.xctest */ = {isa = PBXFileReference; explicitFileType = wrapper.cfbundle; includeInIndex = 0; path = KudanSampleTests.xctest; sourceTree = BUILT_PRODUCTS_DIR; };
		D56CED7A1FA6E45D006FFA8E /* KudanSampleTests.swift */ = {isa = PBXFileReference; lastKnownFileType = sourcecode.swift; path = KudanSampleTests.swift; sourceTree = "<group>"; };
		D56CED7C1FA6E45D006FFA8E /* Info.plist */ = {isa = PBXFileReference; lastKnownFileType = text.plist.xml; path = Info.plist; sourceTree = "<group>"; };
		D56CED811FA6E45E006FFA8E /* KudanSampleUITests.xctest */ = {isa = PBXFileReference; explicitFileType = wrapper.cfbundle; includeInIndex = 0; path = KudanSampleUITests.xctest; sourceTree = BUILT_PRODUCTS_DIR; };
		D56CED851FA6E45E006FFA8E /* KudanSampleUITests.swift */ = {isa = PBXFileReference; lastKnownFileType = sourcecode.swift; path = KudanSampleUITests.swift; sourceTree = "<group>"; };
		D56CED871FA6E45E006FFA8E /* Info.plist */ = {isa = PBXFileReference; lastKnownFileType = text.plist.xml; path = Info.plist; sourceTree = "<group>"; };
/* End PBXFileReference section */

/* Begin PBXFrameworksBuildPhase section */
		D56CED5F1FA6E45D006FFA8E /* Frameworks */ = {
			isa = PBXFrameworksBuildPhase;
			buildActionMask = 2147483647;
			files = (
			);
			runOnlyForDeploymentPostprocessing = 0;
		};
		D56CED731FA6E45D006FFA8E /* Frameworks */ = {
			isa = PBXFrameworksBuildPhase;
			buildActionMask = 2147483647;
			files = (
			);
			runOnlyForDeploymentPostprocessing = 0;
		};
		D56CED7E1FA6E45E006FFA8E /* Frameworks */ = {
			isa = PBXFrameworksBuildPhase;
			buildActionMask = 2147483647;
			files = (
			);
			runOnlyForDeploymentPostprocessing = 0;
		};
/* End PBXFrameworksBuildPhase section */

/* Begin PBXGroup section */
		D56CED591FA6E45D006FFA8E = {
			isa = PBXGroup;
			children = (
				D56CED641FA6E45D006FFA8E /* KudanSample */,
				D56CED791FA6E45D006FFA8E /* KudanSampleTests */,
				D56CED841FA6E45E006FFA8E /* KudanSampleUITests */,
				D56CED631FA6E45D006FFA8E /* Products */,
			);
			sourceTree = "<group>";
		};
		D56CED631FA6E45D006FFA8E /* Products */ = {
			isa = PBXGroup;
			children = (
				D56CED621FA6E45D006FFA8E /* KudanSample.app */,
				D56CED761FA6E45D006FFA8E /* KudanSampleTests.xctest */,
				D56CED811FA6E45E006FFA8E /* KudanSampleUITests.xctest */,
			);
			name = Products;
			sourceTree = "<group>";
		};
		D56CED641FA6E45D006FFA8E /* KudanSample */ = {
			isa = PBXGroup;
			children = (
				D56CED651FA6E45D006FFA8E /* AppDelegate.swift */,
				D56CED671FA6E45D006FFA8E /* ViewController.swift */,
				D56CED691FA6E45D006FFA8E /* Main.storyboard */,
				D56CED6C1FA6E45D006FFA8E /* Assets.xcassets */,
				D56CED6E1FA6E45D006FFA8E /* LaunchScreen.storyboard */,
				D56CED711FA6E45D006FFA8E /* Info.plist */,
			);
			path = KudanSample;
			sourceTree = "<group>";
		};
		D56CED791FA6E45D006FFA8E /* KudanSampleTests */ = {
			isa = PBXGroup;
			children = (
				D56CED7A1FA6E45D006FFA8E /* KudanSampleTests.swift */,
				D56CED7C1FA6E45D006FFA8E /* Info.plist */,
			);
			path = KudanSampleTests;
			sourceTree = "<group>";
		};
		D56CED841FA6E45E006FFA8E /* KudanSampleUITests */ = {
			isa = PBXGroup;
			children = (
				D56CED851FA6E45E006FFA8E /* KudanSampleUITests.swift */,
				D56CED871FA6E45E006FFA8E /* Info.plist */,
			);
			path = KudanSampleUITests;
			sourceTree = "<group>";
		};
/* End PBXGroup section */

/* Begin PBXNativeTarget section */
		D56CED611FA6E45D006FFA8E /* KudanSample */ = {
			isa = PBXNativeTarget;
			buildConfigurationList = D56CED8A1FA6E45E006FFA8E /* Build configuration list for PBXNativeTarget "KudanSample" */;
			buildPhases = (
				D56CED5E1FA6E45D006FFA8E /* Sources */,
				D56CED5F1FA6E45D006FFA8E /* Frameworks */,
				D56CED601FA6E45D006FFA8E /* Resources */,
			);
			buildRules = (
			);
			dependencies = (
			);
			name = KudanSample;
			productName = KudanSample;
			productReference = D56CED621FA6E45D006FFA8E /* KudanSample.app */;
			productType = "com.apple.product-type.application";
		};
		D56CED751FA6E45D006FFA8E /* KudanSampleTests */ = {
			isa = PBXNativeTarget;
			buildConfigurationList = D56CED8D1FA6E45E006FFA8E /* Build configuration list for PBXNativeTarget "KudanSampleTests" */;
			buildPhases = (
				D56CED721FA6E45D006FFA8E /* Sources */,
				D56CED731FA6E45D006FFA8E /* Frameworks */,
				D56CED741FA6E45D006FFA8E /* Resources */,
			);
			buildRules = (
			);
			dependencies = (
				D56CED781FA6E45D006FFA8E /* PBXTargetDependency */,
			);
			name = KudanSampleTests;
			productName = KudanSampleTests;
			productReference = D56CED761FA6E45D006FFA8E /* KudanSampleTests.xctest */;
			productType = "com.apple.product-type.bundle.unit-test";
		};
		D56CED801FA6E45E006FFA8E /* KudanSampleUITests */ = {
			isa = PBXNativeTarget;
			buildConfigurationList = D56CED901FA6E45E006FFA8E /* Build configuration list for PBXNativeTarget "KudanSampleUITests" */;
			buildPhases = (
				D56CED7D1FA6E45E006FFA8E /* Sources */,
				D56CED7E1FA6E45E006FFA8E /* Frameworks */,
				D56CED7F1FA6E45E006FFA8E /* Resources */,
			);
			buildRules = (
			);
			dependencies = (
				D56CED831FA6E45E006FFA8E /* PBXTargetDependency */,
			);
			name = KudanSampleUITests;
			productName = KudanSampleUITests;
			productReference = D56CED811FA6E45E006FFA8E /* KudanSampleUITests.xctest */;
			productType = "com.apple.product-type.bundle.ui-testing";
		};
/* End PBXNativeTarget section */

/* Begin PBXProject section */
		D56CED5A1FA6E45D006FFA8E /* Project object */ = {
			isa = PBXProject;
			attributes = {
				LastSwiftUpdateCheck = 0900;
				LastUpgradeCheck = 0900;
				ORGANIZATIONNAME = yodaaa;
				TargetAttributes = {
					D56CED611FA6E45D006FFA8E = {
						CreatedOnToolsVersion = 9.0;
						ProvisioningStyle = Automatic;
					};
					D56CED751FA6E45D006FFA8E = {
						CreatedOnToolsVersion = 9.0;
						ProvisioningStyle = Automatic;
						TestTargetID = D56CED611FA6E45D006FFA8E;
					};
					D56CED801FA6E45E006FFA8E = {
						CreatedOnToolsVersion = 9.0;
						ProvisioningStyle = Automatic;
						TestTargetID = D56CED611FA6E45D006FFA8E;
					};
				};
			};
			buildConfigurationList = D56CED5D1FA6E45D006FFA8E /* Build configuration list for PBXProject "KudanSample" */;
			compatibilityVersion = "Xcode 8.0";
			developmentRegion = en;
			hasScannedForEncodings = 0;
			knownRegions = (
				en,
				Base,
			);
			mainGroup = D56CED591FA6E45D006FFA8E;
			productRefGroup = D56CED631FA6E45D006FFA8E /* Products */;
			projectDirPath = "";
			projectRoot = "";
			targets = (
				D56CED611FA6E45D006FFA8E /* KudanSample */,
				D56CED751FA6E45D006FFA8E /* KudanSampleTests */,
				D56CED801FA6E45E006FFA8E /* KudanSampleUITests */,
			);
		};
/* End PBXProject section */

/* Begin PBXResourcesBuildPhase section */
		D56CED601FA6E45D006FFA8E /* Resources */ = {
			isa = PBXResourcesBuildPhase;
			buildActionMask = 2147483647;
			files = (
				D56CED701FA6E45D006FFA8E /* LaunchScreen.storyboard in Resources */,
				D56CED6D1FA6E45D006FFA8E /* Assets.xcassets in Resources */,
				D56CED6B1FA6E45D006FFA8E /* Main.storyboard in Resources */,
			);
			runOnlyForDeploymentPostprocessing = 0;
		};
		D56CED741FA6E45D006FFA8E /* Resources */ = {
			isa = PBXResourcesBuildPhase;
			buildActionMask = 2147483647;
			files = (
			);
			runOnlyForDeploymentPostprocessing = 0;
		};
		D56CED7F1FA6E45E006FFA8E /* Resources */ = {
			isa = PBXResourcesBuildPhase;
			buildActionMask = 2147483647;
			files = (
			);
			runOnlyForDeploymentPostprocessing = 0;
		};
/* End PBXResourcesBuildPhase section */

/* Begin PBXSourcesBuildPhase section */
		D56CED5E1FA6E45D006FFA8E /* Sources */ = {
			isa = PBXSourcesBuildPhase;
			buildActionMask = 2147483647;
			files = (
				D56CED681FA6E45D006FFA8E /* ViewController.swift in Sources */,
				D56CED661FA6E45D006FFA8E /* AppDelegate.swift in Sources */,
			);
			runOnlyForDeploymentPostprocessing = 0;
		};
		D56CED721FA6E45D006FFA8E /* Sources */ = {
			isa = PBXSourcesBuildPhase;
			buildActionMask = 2147483647;
			files = (
				D56CED7B1FA6E45D006FFA8E /* KudanSampleTests.swift in Sources */,
			);
			runOnlyForDeploymentPostprocessing = 0;
		};
		D56CED7D1FA6E45E006FFA8E /* Sources */ = {
			isa = PBXSourcesBuildPhase;
			buildActionMask = 2147483647;
			files = (
				D56CED861FA6E45E006FFA8E /* KudanSampleUITests.swift in Sources */,
			);
			runOnlyForDeploymentPostprocessing = 0;
		};
/* End PBXSourcesBuildPhase section */

/* Begin PBXTargetDependency section */
		D56CED781FA6E45D006FFA8E /* PBXTargetDependency */ = {
			isa = PBXTargetDependency;
			target = D56CED611FA6E45D006FFA8E /* KudanSample */;
			targetProxy = D56CED771FA6E45D006FFA8E /* PBXContainerItemProxy */;
		};
		D56CED831FA6E45E006FFA8E /* PBXTargetDependency */ = {
			isa = PBXTargetDependency;
			target = D56CED611FA6E45D006FFA8E /* KudanSample */;
			targetProxy = D56CED821FA6E45E006FFA8E /* PBXContainerItemProxy */;
		};
/* End PBXTargetDependency section */

/* Begin PBXVariantGroup section */
		D56CED691FA6E45D006FFA8E /* Main.storyboard */ = {
			isa = PBXVariantGroup;
			children = (
				D56CED6A1FA6E45D006FFA8E /* Base */,
			);
			name = Main.storyboard;
			sourceTree = "<group>";
		};
		D56CED6E1FA6E45D006FFA8E /* LaunchScreen.storyboard */ = {
			isa = PBXVariantGroup;
			children = (
				D56CED6F1FA6E45D006FFA8E /* Base */,
			);
			name = LaunchScreen.storyboard;
			sourceTree = "<group>";
		};
/* End PBXVariantGroup section */

/* Begin XCBuildConfiguration section */
		D56CED881FA6E45E006FFA8E /* Debug */ = {
			isa = XCBuildConfiguration;
			buildSettings = {
				ALWAYS_SEARCH_USER_PATHS = NO;
				CLANG_ANALYZER_NONNULL = YES;
				CLANG_ANALYZER_NUMBER_OBJECT_CONVERSION = YES_AGGRESSIVE;
				CLANG_CXX_LANGUAGE_STANDARD = "gnu++14";
				CLANG_CXX_LIBRARY = "libc++";
				CLANG_ENABLE_MODULES = YES;
				CLANG_ENABLE_OBJC_ARC = YES;
				CLANG_WARN_BLOCK_CAPTURE_AUTORELEASING = YES;
				CLANG_WARN_BOOL_CONVERSION = YES;
				CLANG_WARN_COMMA = YES;
				CLANG_WARN_CONSTANT_CONVERSION = YES;
				CLANG_WARN_DIRECT_OBJC_ISA_USAGE = YES_ERROR;
				CLANG_WARN_DOCUMENTATION_COMMENTS = YES;
				CLANG_WARN_EMPTY_BODY = YES;
				CLANG_WARN_ENUM_CONVERSION = YES;
				CLANG_WARN_INFINITE_RECURSION = YES;
				CLANG_WARN_INT_CONVERSION = YES;
				CLANG_WARN_NON_LITERAL_NULL_CONVERSION = YES;
				CLANG_WARN_OBJC_LITERAL_CONVERSION = YES;
				CLANG_WARN_OBJC_ROOT_CLASS = YES_ERROR;
				CLANG_WARN_RANGE_LOOP_ANALYSIS = YES;
				CLANG_WARN_STRICT_PROTOTYPES = YES;
				CLANG_WARN_SUSPICIOUS_MOVE = YES;
				CLANG_WARN_UNGUARDED_AVAILABILITY = YES_AGGRESSIVE;
				CLANG_WARN_UNREACHABLE_CODE = YES;
				CLANG_WARN__DUPLICATE_METHOD_MATCH = YES;
				CODE_SIGN_IDENTITY = "iPhone Developer";
				COPY_PHASE_STRIP = NO;
				DEBUG_INFORMATION_FORMAT = dwarf;
				ENABLE_STRICT_OBJC_MSGSEND = YES;
				ENABLE_TESTABILITY = YES;
				GCC_C_LANGUAGE_STANDARD = gnu11;
				GCC_DYNAMIC_NO_PIC = NO;
				GCC_NO_COMMON_BLOCKS = YES;
				GCC_OPTIMIZATION_LEVEL = 0;
				GCC_PREPROCESSOR_DEFINITIONS = (
					"DEBUG=1",
					"$(inherited)",
				);
				GCC_WARN_64_TO_32_BIT_CONVERSION = YES;
				GCC_WARN_ABOUT_RETURN_TYPE = YES_ERROR;
				GCC_WARN_UNDECLARED_SELECTOR = YES;
				GCC_WARN_UNINITIALIZED_AUTOS = YES_AGGRESSIVE;
				GCC_WARN_UNUSED_FUNCTION = YES;
				GCC_WARN_UNUSED_VARIABLE = YES;
				IPHONEOS_DEPLOYMENT_TARGET = 11.0;
				MTL_ENABLE_DEBUG_INFO = YES;
				ONLY_ACTIVE_ARCH = YES;
				SDKROOT = iphoneos;
				SWIFT_ACTIVE_COMPILATION_CONDITIONS = DEBUG;
				SWIFT_OPTIMIZATION_LEVEL = "-Onone";
			};
			name = Debug;
		};
		D56CED891FA6E45E006FFA8E /* Release */ = {
			isa = XCBuildConfiguration;
			buildSettings = {
				ALWAYS_SEARCH_USER_PATHS = NO;
				CLANG_ANALYZER_NONNULL = YES;
				CLANG_ANALYZER_NUMBER_OBJECT_CONVERSION = YES_AGGRESSIVE;
				CLANG_CXX_LANGUAGE_STANDARD = "gnu++14";
				CLANG_CXX_LIBRARY = "libc++";
				CLANG_ENABLE_MODULES = YES;
				CLANG_ENABLE_OBJC_ARC = YES;
				CLANG_WARN_BLOCK_CAPTURE_AUTORELEASING = YES;
				CLANG_WARN_BOOL_CONVERSION = YES;
				CLANG_WARN_COMMA = YES;
				CLANG_WARN_CONSTANT_CONVERSION = YES;
				CLANG_WARN_DIRECT_OBJC_ISA_USAGE = YES_ERROR;
				CLANG_WARN_DOCUMENTATION_COMMENTS = YES;
				CLANG_WARN_EMPTY_BODY = YES;
				CLANG_WARN_ENUM_CONVERSION = YES;
				CLANG_WARN_INFINITE_RECURSION = YES;
				CLANG_WARN_INT_CONVERSION = YES;
				CLANG_WARN_NON_LITERAL_NULL_CONVERSION = YES;
				CLANG_WARN_OBJC_LITERAL_CONVERSION = YES;
				CLANG_WARN_OBJC_ROOT_CLASS = YES_ERROR;
				CLANG_WARN_RANGE_LOOP_ANALYSIS = YES;
				CLANG_WARN_STRICT_PROTOTYPES = YES;
				CLANG_WARN_SUSPICIOUS_MOVE = YES;
				CLANG_WARN_UNGUARDED_AVAILABILITY = YES_AGGRESSIVE;
				CLANG_WARN_UNREACHABLE_CODE = YES;
				CLANG_WARN__DUPLICATE_METHOD_MATCH = YES;
				CODE_SIGN_IDENTITY = "iPhone Developer";
				COPY_PHASE_STRIP = NO;
				DEBUG_INFORMATION_FORMAT = "dwarf-with-dsym";
				ENABLE_NS_ASSERTIONS = NO;
				ENABLE_STRICT_OBJC_MSGSEND = YES;
				GCC_C_LANGUAGE_STANDARD = gnu11;
				GCC_NO_COMMON_BLOCKS = YES;
				GCC_WARN_64_TO_32_BIT_CONVERSION = YES;
				GCC_WARN_ABOUT_RETURN_TYPE = YES_ERROR;
				GCC_WARN_UNDECLARED_SELECTOR = YES;
				GCC_WARN_UNINITIALIZED_AUTOS = YES_AGGRESSIVE;
				GCC_WARN_UNUSED_FUNCTION = YES;
				GCC_WARN_UNUSED_VARIABLE = YES;
				IPHONEOS_DEPLOYMENT_TARGET = 11.0;
				MTL_ENABLE_DEBUG_INFO = NO;
				SDKROOT = iphoneos;
				SWIFT_OPTIMIZATION_LEVEL = "-Owholemodule";
				VALIDATE_PRODUCT = YES;
			};
			name = Release;
		};
		D56CED8B1FA6E45E006FFA8E /* Debug */ = {
			isa = XCBuildConfiguration;
			buildSettings = {
				ASSETCATALOG_COMPILER_APPICON_NAME = AppIcon;
				CODE_SIGN_STYLE = Automatic;
				INFOPLIST_FILE = KudanSample/Info.plist;
				LD_RUNPATH_SEARCH_PATHS = "$(inherited) @executable_path/Frameworks";
				PRODUCT_BUNDLE_IDENTIFIER = com.yodaaa.KudanSample;
				PRODUCT_NAME = "$(TARGET_NAME)";
				SWIFT_VERSION = 4.0;
				TARGETED_DEVICE_FAMILY = "1,2";
			};
			name = Debug;
		};
		D56CED8C1FA6E45E006FFA8E /* Release */ = {
			isa = XCBuildConfiguration;
			buildSettings = {
				ASSETCATALOG_COMPILER_APPICON_NAME = AppIcon;
				CODE_SIGN_STYLE = Automatic;
				INFOPLIST_FILE = KudanSample/Info.plist;
				LD_RUNPATH_SEARCH_PATHS = "$(inherited) @executable_path/Frameworks";
				PRODUCT_BUNDLE_IDENTIFIER = com.yodaaa.KudanSample;
				PRODUCT_NAME = "$(TARGET_NAME)";
				SWIFT_VERSION = 4.0;
				TARGETED_DEVICE_FAMILY = "1,2";
			};
			name = Release;
		};
		D56CED8E1FA6E45E006FFA8E /* Debug */ = {
			isa = XCBuildConfiguration;
			buildSettings = {
				ALWAYS_EMBED_SWIFT_STANDARD_LIBRARIES = YES;
				BUNDLE_LOADER = "$(TEST_HOST)";
				CODE_SIGN_STYLE = Automatic;
				INFOPLIST_FILE = KudanSampleTests/Info.plist;
				LD_RUNPATH_SEARCH_PATHS = "$(inherited) @executable_path/Frameworks @loader_path/Frameworks";
				PRODUCT_BUNDLE_IDENTIFIER = com.yodaaa.KudanSampleTests;
				PRODUCT_NAME = "$(TARGET_NAME)";
				SWIFT_VERSION = 4.0;
				TARGETED_DEVICE_FAMILY = "1,2";
				TEST_HOST = "$(BUILT_PRODUCTS_DIR)/KudanSample.app/KudanSample";
			};
			name = Debug;
		};
		D56CED8F1FA6E45E006FFA8E /* Release */ = {
			isa = XCBuildConfiguration;
			buildSettings = {
				ALWAYS_EMBED_SWIFT_STANDARD_LIBRARIES = YES;
				BUNDLE_LOADER = "$(TEST_HOST)";
				CODE_SIGN_STYLE = Automatic;
				INFOPLIST_FILE = KudanSampleTests/Info.plist;
				LD_RUNPATH_SEARCH_PATHS = "$(inherited) @executable_path/Frameworks @loader_path/Frameworks";
				PRODUCT_BUNDLE_IDENTIFIER = com.yodaaa.KudanSampleTests;
				PRODUCT_NAME = "$(TARGET_NAME)";
				SWIFT_VERSION = 4.0;
				TARGETED_DEVICE_FAMILY = "1,2";
				TEST_HOST = "$(BUILT_PRODUCTS_DIR)/KudanSample.app/KudanSample";
			};
			name = Release;
		};
		D56CED911FA6E45E006FFA8E /* Debug */ = {
			isa = XCBuildConfiguration;
			buildSettings = {
				ALWAYS_EMBED_SWIFT_STANDARD_LIBRARIES = YES;
				CODE_SIGN_STYLE = Automatic;
				INFOPLIST_FILE = KudanSampleUITests/Info.plist;
				LD_RUNPATH_SEARCH_PATHS = "$(inherited) @executable_path/Frameworks @loader_path/Frameworks";
				PRODUCT_BUNDLE_IDENTIFIER = com.yodaaa.KudanSampleUITests;
				PRODUCT_NAME = "$(TARGET_NAME)";
				SWIFT_VERSION = 4.0;
				TARGETED_DEVICE_FAMILY = "1,2";
				TEST_TARGET_NAME = KudanSample;
			};
			name = Debug;
		};
		D56CED921FA6E45E006FFA8E /* Release */ = {
			isa = XCBuildConfiguration;
			buildSettings = {
				ALWAYS_EMBED_SWIFT_STANDARD_LIBRARIES = YES;
				CODE_SIGN_STYLE = Automatic;
				INFOPLIST_FILE = KudanSampleUITests/Info.plist;
				LD_RUNPATH_SEARCH_PATHS = "$(inherited) @executable_path/Frameworks @loader_path/Frameworks";
				PRODUCT_BUNDLE_IDENTIFIER = com.yodaaa.KudanSampleUITests;
				PRODUCT_NAME = "$(TARGET_NAME)";
				SWIFT_VERSION = 4.0;
				TARGETED_DEVICE_FAMILY = "1,2";
				TEST_TARGET_NAME = KudanSample;
			};
			name = Release;
		};
/* End XCBuildConfiguration section */

/* Begin XCConfigurationList section */
		D56CED5D1FA6E45D006FFA8E /* Build configuration list for PBXProject "KudanSample" */ = {
			isa = XCConfigurationList;
			buildConfigurations = (
				D56CED881FA6E45E006FFA8E /* Debug */,
				D56CED891FA6E45E006FFA8E /* Release */,
			);
			defaultConfigurationIsVisible = 0;
			defaultConfigurationName = Release;
		};
		D56CED8A1FA6E45E006FFA8E /* Build configuration list for PBXNativeTarget "KudanSample" */ = {
			isa = XCConfigurationList;
			buildConfigurations = (
				D56CED8B1FA6E45E006FFA8E /* Debug */,
				D56CED8C1FA6E45E006FFA8E /* Release */,
			);
			defaultConfigurationIsVisible = 0;
			defaultConfigurationName = Release;
		};
		D56CED8D1FA6E45E006FFA8E /* Build configuration list for PBXNativeTarget "KudanSampleTests" */ = {
			isa = XCConfigurationList;
			buildConfigurations = (
				D56CED8E1FA6E45E006FFA8E /* Debug */,
				D56CED8F1FA6E45E006FFA8E /* Release */,
			);
			defaultConfigurationIsVisible = 0;
			defaultConfigurationName = Release;
		};
		D56CED901FA6E45E006FFA8E /* Build configuration list for PBXNativeTarget "KudanSampleUITests" */ = {
			isa = XCConfigurationList;
			buildConfigurations = (
				D56CED911FA6E45E006FFA8E /* Debug */,
				D56CED921FA6E45E006FFA8E /* Release */,
			);
			defaultConfigurationIsVisible = 0;
			defaultConfigurationName = Release;
		};
/* End XCConfigurationList section */
	};
	rootObject = D56CED5A1FA6E45D006FFA8E /* Project object */;
}
